
Microsoft Visual Studio Solution File, Format Version 12.00
# Visual Studio Version 17
VisualStudioVersion = 17.0.32112.339
MinimumVisualStudioVersion = 10.0.40219.1
Project("{FAE04EC0-301F-11D3-BF4B-00C04F79EFBC}") = "dateingAppApi", "dateingAppApi\dateingAppApi.csproj", "{919488D3-E15B-462E-A45B-E3651E8F367B}"
EndProject
Global
	GlobalSection(SolutionConfigurationPlatforms) = preSolution
		Debug|Any CPU = Debug|Any CPU
		Release|Any CPU = Release|Any CPU
	EndGlobalSection
	GlobalSection(ProjectConfigurationPlatforms) = postSolution
		{919488D3-E15B-462E-A45B-E3651E8F367B}.Debug|Any CPU.ActiveCfg = Debug|Any CPU
		{919488D3-E15B-462E-A45B-E3651E8F367B}.Debug|Any CPU.Build.0 = Debug|Any CPU
		{919488D3-E15B-462E-A45B-E3651E8F367B}.Release|Any CPU.ActiveCfg = Release|Any CPU
		{919488D3-E15B-462E-A45B-E3651E8F367B}.Release|Any CPU.Build.0 = Release|Any CPU
	EndGlobalSection
	GlobalSection(SolutionProperties) = preSolution
		HideSolutionNode = FALSE
	EndGlobalSection
	GlobalSection(ExtensibilityGlobals) = postSolution
		SolutionGuid = {B60D6635-7860-4D2A-ABD8-B92857B571FB}
	EndGlobalSection
EndGlobal
